
Microsoft Visual Studio Solution File, Format Version 12.00
# Visual Studio Version 17
VisualStudioVersion = 17.2.32616.157
MinimumVisualStudioVersion = 10.0.40219.1
Project("{9A19103F-16F7-4668-BE54-9A1E7A4F7556}") = "CausticWeaponry", "CausticWeaponry.csproj", "{C5D8DC7E-2797-4061-8536-FEBACC6D8A09}"
EndProject
Global
	GlobalSection(SolutionConfigurationPlatforms) = preSolution
		Debug|Any CPU = Debug|Any CPU
		Release|Any CPU = Release|Any CPU
	EndGlobalSection
	GlobalSection(ProjectConfigurationPlatforms) = postSolution
		{C5D8DC7E-2797-4061-8536-FEBACC6D8A09}.Debug|Any CPU.ActiveCfg = Debug|Any CPU
		{C5D8DC7E-2797-4061-8536-FEBACC6D8A09}.Debug|Any CPU.Build.0 = Debug|Any CPU
		{C5D8DC7E-2797-4061-8536-FEBACC6D8A09}.Release|Any CPU.ActiveCfg = Release|Any CPU
		{C5D8DC7E-2797-4061-8536-FEBACC6D8A09}.Release|Any CPU.Build.0 = Release|Any CPU
	EndGlobalSection
	GlobalSection(SolutionProperties) = preSolution
		HideSolutionNode = FALSE
	EndGlobalSection
	GlobalSection(ExtensibilityGlobals) = postSolution
		SolutionGuid = {7C619312-97C9-43E9-A50E-C93F4D2804F5}
	EndGlobalSection
EndGlobal
